
Microsoft Visual Studio Solution File, Format Version 12.00
# Visual Studio Version 17
VisualStudioVersion = 17.3.32819.101
MinimumVisualStudioVersion = 10.0.40219.1
Project("{FAE04EC0-301F-11D3-BF4B-00C04F79EFBC}") = "Lepidoptera_GHA", "Lepidoptera_GHA.csproj", "{34190589-F75F-4EDE-9A2C-F6FEBB3CA09E}"
EndProject
Global
	GlobalSection(SolutionConfigurationPlatforms) = preSolution
		Debug|Any CPU = Debug|Any CPU
		Release|Any CPU = Release|Any CPU
	EndGlobalSection
	GlobalSection(ProjectConfigurationPlatforms) = postSolution
		{34190589-F75F-4EDE-9A2C-F6FEBB3CA09E}.Debug|Any CPU.ActiveCfg = Debug|Any CPU
		{34190589-F75F-4EDE-9A2C-F6FEBB3CA09E}.Debug|Any CPU.Build.0 = Debug|Any CPU
		{34190589-F75F-4EDE-9A2C-F6FEBB3CA09E}.Release|Any CPU.ActiveCfg = Release|Any CPU
		{34190589-F75F-4EDE-9A2C-F6FEBB3CA09E}.Release|Any CPU.Build.0 = Release|Any CPU
	EndGlobalSection
	GlobalSection(SolutionProperties) = preSolution
		HideSolutionNode = FALSE
	EndGlobalSection
	GlobalSection(ExtensibilityGlobals) = postSolution
		SolutionGuid = {D0E57AEE-0A36-41E3-9723-2B16AC03CA85}
	EndGlobalSection
EndGlobal
