
Microsoft Visual Studio Solution File, Format Version 12.00
# Visual Studio Version 17
VisualStudioVersion = 17.3.32819.101
MinimumVisualStudioVersion = 10.0.40219.1
Project("{FAE04EC0-301F-11D3-BF4B-00C04F79EFBC}") = "Lepidoptera_DebugConsoleApp", "Lepidoptera_DebugConsoleApp.csproj", "{8DDF7387-3073-4C13-86D0-940B3EF3D589}"
EndProject
Global
	GlobalSection(SolutionConfigurationPlatforms) = preSolution
		Debug|Any CPU = Debug|Any CPU
		Release|Any CPU = Release|Any CPU
	EndGlobalSection
	GlobalSection(ProjectConfigurationPlatforms) = postSolution
		{8DDF7387-3073-4C13-86D0-940B3EF3D589}.Debug|Any CPU.ActiveCfg = Debug|Any CPU
		{8DDF7387-3073-4C13-86D0-940B3EF3D589}.Debug|Any CPU.Build.0 = Debug|Any CPU
		{8DDF7387-3073-4C13-86D0-940B3EF3D589}.Release|Any CPU.ActiveCfg = Release|Any CPU
		{8DDF7387-3073-4C13-86D0-940B3EF3D589}.Release|Any CPU.Build.0 = Release|Any CPU
	EndGlobalSection
	GlobalSection(SolutionProperties) = preSolution
		HideSolutionNode = FALSE
	EndGlobalSection
	GlobalSection(ExtensibilityGlobals) = postSolution
		SolutionGuid = {F9547444-C7E3-4627-9136-A6C5E391A12E}
	EndGlobalSection
EndGlobal
